
Microsoft Visual Studio Solution File, Format Version 12.00
# Visual Studio 14
VisualStudioVersion = 14.0.25123.0
MinimumVisualStudioVersion = 10.0.40219.1
Project("{FAE04EC0-301F-11D3-BF4B-00C04F79EFBC}") = "Dungeoneering", "Dungeoneering\Dungeoneering.csproj", "{DADAA721-BC6B-4F66-9032-A665E2B2F50A}"
EndProject
Project("{2150E333-8FDC-42A3-9474-1A3956D46DE8}") = "Solution Items", "Solution Items", "{6D879F9F-F318-4D4E-9C39-60CA589644CE}"
	ProjectSection(SolutionItems) = preProject
		.travis.yml = .travis.yml
	EndProjectSection
EndProject
Global
	GlobalSection(SolutionConfigurationPlatforms) = preSolution
		Debug|Any CPU = Debug|Any CPU
		Release|Any CPU = Release|Any CPU
	EndGlobalSection
	GlobalSection(ProjectConfigurationPlatforms) = postSolution
		{DADAA721-BC6B-4F66-9032-A665E2B2F50A}.Debug|Any CPU.ActiveCfg = Debug|Any CPU
		{DADAA721-BC6B-4F66-9032-A665E2B2F50A}.Debug|Any CPU.Build.0 = Debug|Any CPU
		{DADAA721-BC6B-4F66-9032-A665E2B2F50A}.Release|Any CPU.ActiveCfg = Release|Any CPU
		{DADAA721-BC6B-4F66-9032-A665E2B2F50A}.Release|Any CPU.Build.0 = Release|Any CPU
	EndGlobalSection
	GlobalSection(SolutionProperties) = preSolution
		HideSolutionNode = FALSE
	EndGlobalSection
EndGlobal
